
Microsoft Visual Studio Solution File, Format Version 12.00
# Visual Studio Version 16
VisualStudioVersion = 16.0.33214.272
MinimumVisualStudioVersion = 10.0.40219.1
Project("{FAE04EC0-301F-11D3-BF4B-00C04F79EFBC}") = "Kalkylatorn - Inlämning", "Kalkylatorn - Inlämning\Kalkylatorn - Inlämning.csproj", "{4950F365-DBA7-4304-984B-556191272F3C}"
EndProject
Global
	GlobalSection(SolutionConfigurationPlatforms) = preSolution
		Debug|Any CPU = Debug|Any CPU
		Release|Any CPU = Release|Any CPU
	EndGlobalSection
	GlobalSection(ProjectConfigurationPlatforms) = postSolution
		{4950F365-DBA7-4304-984B-556191272F3C}.Debug|Any CPU.ActiveCfg = Debug|Any CPU
		{4950F365-DBA7-4304-984B-556191272F3C}.Debug|Any CPU.Build.0 = Debug|Any CPU
		{4950F365-DBA7-4304-984B-556191272F3C}.Release|Any CPU.ActiveCfg = Release|Any CPU
		{4950F365-DBA7-4304-984B-556191272F3C}.Release|Any CPU.Build.0 = Release|Any CPU
	EndGlobalSection
	GlobalSection(SolutionProperties) = preSolution
		HideSolutionNode = FALSE
	EndGlobalSection
	GlobalSection(ExtensibilityGlobals) = postSolution
		SolutionGuid = {ABEB2D1C-DC5B-460D-9B4B-3E7710A0F2DC}
	EndGlobalSection
EndGlobal
